github.com/yznts/kyoto/v3 v3.2.1 h1:TXGM/D29AB4SBUwZc9SnNEBefROYsr+OEUj8xARA9ns=
github.com/yznts/kyoto/v3 v3.2.1/go.mod h1:lMtkMkEODu0t5+OiYI3Qd/DEGjKGpavJ4yO4rawfR9o=
github.com/yznts/zen/v3 v3.2.1 h1:kMtN/B3DwnsKNExTNVcqv3cbFr5IWcqbEOpaIsiAaXg=
github.com/yznts/zen/v3 v3.2.1/go.mod h1:iXXQhyljuxrlcl13iFSxsGNGZISkUdgQhPdVj5UNRXU=
